<Solution>
  <Configurations>
    <Platform Name="x64" />
    <Platform Name="x86" />
  </Configurations>
  <Project Path="Engine/Engine.vcxproj" Id="74735664-3a6a-4f8a-a2f4-40c1bf87a0dc">
    <Platform Project="x64" />
  </Project>
  <Project Path="Game/Game.vcxproj" Id="606fe40f-9dcb-4b8e-8185-2d7e03759b69" />
</Solution>
